{
  "name": "@techmoderndev/ci-rundiff",
  "version": "0.0.1",
  "lockfileVersion": 3,
  "requires": true,
  "packages": {
    "": {
      "name": "@techmoderndev/ci-rundiff",
      "version": "0.0.1",
      "license": "Apache-2.0",
      "bin": {
        "ci-rundiff": "src/cli.js"
      },
      "engines": {
        "node": ">=20"
      }
    }
  }
}
